
Microsoft Visual Studio Solution File, Format Version 12.00
# Visual Studio 2015
Project("{FAE04EC0-301F-11D3-BF4B-00C04F79EFBC}") = "Tiny_Phone.CSharp", "Tiny_Phone.CSharp.csproj", "{B914545E-81F5-D46B-E84C-A16EC1D68575}"
EndProject
Global
	GlobalSection(SolutionConfigurationPlatforms) = preSolution
		Debug|Any CPU = Debug|Any CPU
		Release|Any CPU = Release|Any CPU
	EndGlobalSection
	GlobalSection(ProjectConfigurationPlatforms) = postSolution
		{B914545E-81F5-D46B-E84C-A16EC1D68575}.Debug|Any CPU.ActiveCfg = Debug|Any CPU
		{B914545E-81F5-D46B-E84C-A16EC1D68575}.Debug|Any CPU.Build.0 = Debug|Any CPU
		{B914545E-81F5-D46B-E84C-A16EC1D68575}.Release|Any CPU.ActiveCfg = Release|Any CPU
		{B914545E-81F5-D46B-E84C-A16EC1D68575}.Release|Any CPU.Build.0 = Release|Any CPU
	EndGlobalSection
	GlobalSection(SolutionProperties) = preSolution
		HideSolutionNode = FALSE
	EndGlobalSection
EndGlobal
